{
  "name": "fii-prezent",
  "version": "1.0.0",
  "lockfileVersion": 1,
  "requires": true,
  "dependencies": {
    "@aspnet/signalr": {
      "version": "1.0.0-preview3-32231",
      "resolved": "https://dotnet.myget.org/F/aspnetcore-dev/npm/@aspnet/signalr/-/@aspnet/signalr-1.0.0-preview3-32231.tgz",
      "integrity": "sha1-sAXfmBigLQe0FzgcN1W4mQG/HCo=",
      "dev": true
    },
    "bulma": {
      "version": "0.7.0",
      "resolved": "https://registry.npmjs.org/bulma/-/bulma-0.7.0.tgz",
      "integrity": "sha1-1IAXDIdoy3dP9galqvXeqpLNpiI=",
      "dev": true
    },
    "bulma-calendar": {
      "version": "1.3.0",
      "resolved": "https://registry.npmjs.org/bulma-calendar/-/bulma-calendar-1.3.0.tgz",
      "integrity": "sha1-yqz7AWeSxV2t8O3BGq5vtkwlYEE=",
      "dev": true,
      "requires": {
        "camelcase": "4.1.0"
      }
    },
    "camelcase": {
      "version": "4.1.0",
      "resolved": "https://registry.npmjs.org/camelcase/-/camelcase-4.1.0.tgz",
      "integrity": "sha1-1UVjW+HjPFQmScaRc+Xeas+uNN0=",
      "dev": true
    }
  }
}
